PODS:
  - AFNetworking (1.3.4)
  - AFOAuth2Client (0.1.2):
    - AFNetworking (~> 1.3)
  - PCFDataServices (0.1.0):
    - AFOAuth2Client
  - PCFPush (0.4.0):
    - PCFPush/All
  - PCFPush/All (0.4.0):
    - PCFPush/Analytics
    - PCFPush/Push
  - PCFPush/Analytics (0.4.0)
  - PCFPush/Push (0.4.0):
    - PCFPush/SDK
  - PCFPush/SDK (0.4.0)

DEPENDENCIES:
  - PCFDataServices (from `../data-ios/`)
  - PCFPush (from `../push-ios/`)

EXTERNAL SOURCES:
  PCFDataServices:
    :path: ../data-ios/
  PCFPush:
    :path: ../push-ios/

SPEC CHECKSUMS:
  AFNetworking: 80c4e0652b08eb34e25b9c0ff3c82556fe5967b4
  AFOAuth2Client: 4f05d29e0a26c7ddf529dd7c4480af6ee1e982c6
  PCFDataServices: e05a5c6055e1aac7abc32beb1acce0307c0e3dd6
  PCFPush: b43be42560e2644ca760b8bef5ce557a5e3b197c

COCOAPODS: 0.33.1
