PODS:
  - AFNetworking (2.5.1):
    - AFNetworking/NSURLConnection (= 2.5.1)
    - AFNetworking/NSURLSession (= 2.5.1)
    - AFNetworking/Reachability (= 2.5.1)
    - AFNetworking/Security (= 2.5.1)
    - AFNetworking/Serialization (= 2.5.1)
    - AFNetworking/UIKit (= 2.5.1)
  - AFNetworking/NSURLConnection (2.5.1):
    - AFNetworking/Reachability
    - AFNetworking/Security
    - AFNetworking/Serialization
  - AFNetworking/NSURLSession (2.5.1):
    - AFNetworking/Reachability
    - AFNetworking/Security
    - AFNetworking/Serialization
  - AFNetworking/Reachability (2.5.1)
  - AFNetworking/Security (2.5.1)
  - AFNetworking/Serialization (2.5.1)
  - AFNetworking/UIKit (2.5.1):
    - AFNetworking/NSURLConnection
    - AFNetworking/NSURLSession
  - PCFAuth (1.0.0)
  - PCFData (1.1.0)
  - PCFPush (1.0.4)
  - RESideMenu (4.0.7)

DEPENDENCIES:
  - AFNetworking (~> 2.5)
  - PCFAuth (~> 1.0.0)
  - PCFData (~> 1.1.0)
  - PCFPush (~> 1.0.4)
  - RESideMenu (~> 4.0.7)

SPEC CHECKSUMS:
  AFNetworking: 10e85a00bb0f475124e4ff2677bf15693b2c1523
  PCFAuth: 9e810141d1de4d32c64e5ef662adf3479495dfc7
  PCFData: 36fba6dfd9aa934d736e7196e9ff91b80a78aa02
  PCFPush: 64c348f2007bf816ed578420ed802870411d990a
  RESideMenu: f24c508404b49c667344c54aba7e590883533958

COCOAPODS: 0.36.4
